// !$*UTF8*$!
{
	archiveVersion = 1;
	classes = {
	};
	objectVersion = 50;
	objects = {

/* Begin PBXBuildFile section */
		1B88146B26C3283B00673F27 /* StoriesApp.swift in Sources */ = {isa = PBXBuildFile; fileRef = 1B88146A26C3283B00673F27 /* StoriesApp.swift */; };
		1B88146D26C3283B00673F27 /* ContentView.swift in Sources */ = {isa = PBXBuildFile; fileRef = 1B88146C26C3283B00673F27 /* ContentView.swift */; };
		1B88146F26C3283C00673F27 /* Assets.xcassets in Resources */ = {isa = PBXBuildFile; fileRef = 1B88146E26C3283C00673F27 /* Assets.xcassets */; };
		1B88147226C3283C00673F27 /* Preview Assets.xcassets in Resources */ = {isa = PBXBuildFile; fileRef = 1B88147126C3283C00673F27 /* Preview Assets.xcassets */; };
		1B88147D26C3283C00673F27 /* StoriesTests.swift in Sources */ = {isa = PBXBuildFile; fileRef = 1B88147C26C3283C00673F27 /* StoriesTests.swift */; };
		1B88148826C3283C00673F27 /* StoriesUITests.swift in Sources */ = {isa = PBXBuildFile; fileRef = 1B88148726C3283C00673F27 /* StoriesUITests.swift */; };
		1B88149626C32DAF00673F27 /* StoryModel.swift in Sources */ = {isa = PBXBuildFile; fileRef = 1B88149526C32DAF00673F27 /* StoryModel.swift */; };
		1B88149A26C335CE00673F27 /* CardView.swift in Sources */ = {isa = PBXBuildFile; fileRef = 1B88149926C335CE00673F27 /* CardView.swift */; };
/* End PBXBuildFile section */

/* Begin PBXContainerItemProxy section */
		1B88147926C3283C00673F27 /* PBXContainerItemProxy */ = {
			isa = PBXContainerItemProxy;
			containerPortal = 1B88145F26C3283B00673F27 /* Project object */;
			proxyType = 1;
			remoteGlobalIDString = 1B88146626C3283B00673F27;
			remoteInfo = Stories;
		};
		1B88148426C3283C00673F27 /* PBXContainerItemProxy */ = {
			isa = PBXContainerItemProxy;
			containerPortal = 1B88145F26C3283B00673F27 /* Project object */;
			proxyType = 1;
			remoteGlobalIDString = 1B88146626C3283B00673F27;
			remoteInfo = Stories;
		};
/* End PBXContainerItemProxy section */

/* Begin PBXFileReference section */
		1B88146726C3283B00673F27 /* Stories.app */ = {isa = PBXFileReference; explicitFileType = wrapper.application; includeInIndex = 0; path = Stories.app; sourceTree = BUILT_PRODUCTS_DIR; };
		1B88146A26C3283B00673F27 /* StoriesApp.swift */ = {isa = PBXFileReference; lastKnownFileType = sourcecode.swift; path = StoriesApp.swift; sourceTree = "<group>"; };
		1B88146C26C3283B00673F27 /* ContentView.swift */ = {isa = PBXFileReference; lastKnownFileType = sourcecode.swift; path = ContentView.swift; sourceTree = "<group>"; };
		1B88146E26C3283C00673F27 /* Assets.xcassets */ = {isa = PBXFileReference; lastKnownFileType = folder.assetcatalog; path = Assets.xcassets; sourceTree = "<group>"; };
		1B88147126C3283C00673F27 /* Preview Assets.xcassets */ = {isa = PBXFileReference; lastKnownFileType = folder.assetcatalog; path = "Preview Assets.xcassets"; sourceTree = "<group>"; };
		1B88147326C3283C00673F27 /* Info.plist */ = {isa = PBXFileReference; lastKnownFileType = text.plist.xml; path = Info.plist; sourceTree = "<group>"; };
		1B88147826C3283C00673F27 /* StoriesTests.xctest */ = {isa = PBXFileReference; explicitFileType = wrapper.cfbundle; includeInIndex = 0; path = StoriesTests.xctest; sourceTree = BUILT_PRODUCTS_DIR; };
		1B88147C26C3283C00673F27 /* StoriesTests.swift */ = {isa = PBXFileReference; lastKnownFileType = sourcecode.swift; path = StoriesTests.swift; sourceTree = "<group>"; };
		1B88147E26C3283C00673F27 /* Info.plist */ = {isa = PBXFileReference; lastKnownFileType = text.plist.xml; path = Info.plist; sourceTree = "<group>"; };
		1B88148326C3283C00673F27 /* StoriesUITests.xctest */ = {isa = PBXFileReference; explicitFileType = wrapper.cfbundle; includeInIndex = 0; path = StoriesUITests.xctest; sourceTree = BUILT_PRODUCTS_DIR; };
		1B88148726C3283C00673F27 /* StoriesUITests.swift */ = {isa = PBXFileReference; lastKnownFileType = sourcecode.swift; path = StoriesUITests.swift; sourceTree = "<group>"; };
		1B88148926C3283C00673F27 /* Info.plist */ = {isa = PBXFileReference; lastKnownFileType = text.plist.xml; path = Info.plist; sourceTree = "<group>"; };
		1B88149526C32DAF00673F27 /* StoryModel.swift */ = {isa = PBXFileReference; lastKnownFileType = sourcecode.swift; path = StoryModel.swift; sourceTree = "<group>"; };
		1B88149926C335CE00673F27 /* CardView.swift */ = {isa = PBXFileReference; lastKnownFileType = sourcecode.swift; path = CardView.swift; sourceTree = "<group>"; };
/* End PBXFileReference section */

/* Begin PBXFrameworksBuildPhase section */
		1B88146426C3283B00673F27 /* Frameworks */ = {
			isa = PBXFrameworksBuildPhase;
			buildActionMask = 2147483647;
			files = (
			);
			runOnlyForDeploymentPostprocessing = 0;
		};
		1B88147526C3283C00673F27 /* Frameworks */ = {
			isa = PBXFrameworksBuildPhase;
			buildActionMask = 2147483647;
			files = (
			);
			runOnlyForDeploymentPostprocessing = 0;
		};
		1B88148026C3283C00673F27 /* Frameworks */ = {
			isa = PBXFrameworksBuildPhase;
			buildActionMask = 2147483647;
			files = (
			);
			runOnlyForDeploymentPostprocessing = 0;
		};
/* End PBXFrameworksBuildPhase section */

/* Begin PBXGroup section */
		1B88145E26C3283B00673F27 = {
			isa = PBXGroup;
			children = (
				1B88146926C3283B00673F27 /* Stories */,
				1B88147B26C3283C00673F27 /* StoriesTests */,
				1B88148626C3283C00673F27 /* StoriesUITests */,
				1B88146826C3283B00673F27 /* Products */,
			);
			sourceTree = "<group>";
		};
		1B88146826C3283B00673F27 /* Products */ = {
			isa = PBXGroup;
			children = (
				1B88146726C3283B00673F27 /* Stories.app */,
				1B88147826C3283C00673F27 /* StoriesTests.xctest */,
				1B88148326C3283C00673F27 /* StoriesUITests.xctest */,
			);
			name = Products;
			sourceTree = "<group>";
		};
		1B88146926C3283B00673F27 /* Stories */ = {
			isa = PBXGroup;
			children = (
				1B88146A26C3283B00673F27 /* StoriesApp.swift */,
				1B88146C26C3283B00673F27 /* ContentView.swift */,
				1B88149926C335CE00673F27 /* CardView.swift */,
				1B88149526C32DAF00673F27 /* StoryModel.swift */,
				1B88146E26C3283C00673F27 /* Assets.xcassets */,
				1B88147326C3283C00673F27 /* Info.plist */,
				1B88147026C3283C00673F27 /* Preview Content */,
			);
			path = Stories;
			sourceTree = "<group>";
		};
		1B88147026C3283C00673F27 /* Preview Content */ = {
			isa = PBXGroup;
			children = (
				1B88147126C3283C00673F27 /* Preview Assets.xcassets */,
			);
			path = "Preview Content";
			sourceTree = "<group>";
		};
		1B88147B26C3283C00673F27 /* StoriesTests */ = {
			isa = PBXGroup;
			children = (
				1B88147C26C3283C00673F27 /* StoriesTests.swift */,
				1B88147E26C3283C00673F27 /* Info.plist */,
			);
			path = StoriesTests;
			sourceTree = "<group>";
		};
		1B88148626C3283C00673F27 /* StoriesUITests */ = {
			isa = PBXGroup;
			children = (
				1B88148726C3283C00673F27 /* StoriesUITests.swift */,
				1B88148926C3283C00673F27 /* Info.plist */,
			);
			path = StoriesUITests;
			sourceTree = "<group>";
		};
/* End PBXGroup section */

/* Begin PBXNativeTarget section */
		1B88146626C3283B00673F27 /* Stories */ = {
			isa = PBXNativeTarget;
			buildConfigurationList = 1B88148C26C3283C00673F27 /* Build configuration list for PBXNativeTarget "Stories" */;
			buildPhases = (
				1B88146326C3283B00673F27 /* Sources */,
				1B88146426C3283B00673F27 /* Frameworks */,
				1B88146526C3283B00673F27 /* Resources */,
			);
			buildRules = (
			);
			dependencies = (
			);
			name = Stories;
			productName = Stories;
			productReference = 1B88146726C3283B00673F27 /* Stories.app */;
			productType = "com.apple.product-type.application";
		};
		1B88147726C3283C00673F27 /* StoriesTests */ = {
			isa = PBXNativeTarget;
			buildConfigurationList = 1B88148F26C3283C00673F27 /* Build configuration list for PBXNativeTarget "StoriesTests" */;
			buildPhases = (
				1B88147426C3283C00673F27 /* Sources */,
				1B88147526C3283C00673F27 /* Frameworks */,
				1B88147626C3283C00673F27 /* Resources */,
			);
			buildRules = (
			);
			dependencies = (
				1B88147A26C3283C00673F27 /* PBXTargetDependency */,
			);
			name = StoriesTests;
			productName = StoriesTests;
			productReference = 1B88147826C3283C00673F27 /* StoriesTests.xctest */;
			productType = "com.apple.product-type.bundle.unit-test";
		};
		1B88148226C3283C00673F27 /* StoriesUITests */ = {
			isa = PBXNativeTarget;
			buildConfigurationList = 1B88149226C3283C00673F27 /* Build configuration list for PBXNativeTarget "StoriesUITests" */;
			buildPhases = (
				1B88147F26C3283C00673F27 /* Sources */,
				1B88148026C3283C00673F27 /* Frameworks */,
				1B88148126C3283C00673F27 /* Resources */,
			);
			buildRules = (
			);
			dependencies = (
				1B88148526C3283C00673F27 /* PBXTargetDependency */,
			);
			name = StoriesUITests;
			productName = StoriesUITests;
			productReference = 1B88148326C3283C00673F27 /* StoriesUITests.xctest */;
			productType = "com.apple.product-type.bundle.ui-testing";
		};
/* End PBXNativeTarget section */

/* Begin PBXProject section */
		1B88145F26C3283B00673F27 /* Project object */ = {
			isa = PBXProject;
			attributes = {
				LastSwiftUpdateCheck = 1250;
				LastUpgradeCheck = 1250;
				TargetAttributes = {
					1B88146626C3283B00673F27 = {
						CreatedOnToolsVersion = 12.5;
					};
					1B88147726C3283C00673F27 = {
						CreatedOnToolsVersion = 12.5;
						TestTargetID = 1B88146626C3283B00673F27;
					};
					1B88148226C3283C00673F27 = {
						CreatedOnToolsVersion = 12.5;
						TestTargetID = 1B88146626C3283B00673F27;
					};
				};
			};
			buildConfigurationList = 1B88146226C3283B00673F27 /* Build configuration list for PBXProject "Stories" */;
			compatibilityVersion = "Xcode 9.3";
			developmentRegion = en;
			hasScannedForEncodings = 0;
			knownRegions = (
				en,
				Base,
			);
			mainGroup = 1B88145E26C3283B00673F27;
			productRefGroup = 1B88146826C3283B00673F27 /* Products */;
			projectDirPath = "";
			projectRoot = "";
			targets = (
				1B88146626C3283B00673F27 /* Stories */,
				1B88147726C3283C00673F27 /* StoriesTests */,
				1B88148226C3283C00673F27 /* StoriesUITests */,
			);
		};
/* End PBXProject section */

/* Begin PBXResourcesBuildPhase section */
		1B88146526C3283B00673F27 /* Resources */ = {
			isa = PBXResourcesBuildPhase;
			buildActionMask = 2147483647;
			files = (
				1B88147226C3283C00673F27 /* Preview Assets.xcassets in Resources */,
				1B88146F26C3283C00673F27 /* Assets.xcassets in Resources */,
			);
			runOnlyForDeploymentPostprocessing = 0;
		};
		1B88147626C3283C00673F27 /* Resources */ = {
			isa = PBXResourcesBuildPhase;
			buildActionMask = 2147483647;
			files = (
			);
			runOnlyForDeploymentPostprocessing = 0;
		};
		1B88148126C3283C00673F27 /* Resources */ = {
			isa = PBXResourcesBuildPhase;
			buildActionMask = 2147483647;
			files = (
			);
			runOnlyForDeploymentPostprocessing = 0;
		};
/* End PBXResourcesBuildPhase section */

/* Begin PBXSourcesBuildPhase section */
		1B88146326C3283B00673F27 /* Sources */ = {
			isa = PBXSourcesBuildPhase;
			buildActionMask = 2147483647;
			files = (
				1B88146D26C3283B00673F27 /* ContentView.swift in Sources */,
				1B88146B26C3283B00673F27 /* StoriesApp.swift in Sources */,
				1B88149A26C335CE00673F27 /* CardView.swift in Sources */,
				1B88149626C32DAF00673F27 /* StoryModel.swift in Sources */,
			);
			runOnlyForDeploymentPostprocessing = 0;
		};
		1B88147426C3283C00673F27 /* Sources */ = {
			isa = PBXSourcesBuildPhase;
			buildActionMask = 2147483647;
			files = (
				1B88147D26C3283C00673F27 /* StoriesTests.swift in Sources */,
			);
			runOnlyForDeploymentPostprocessing = 0;
		};
		1B88147F26C3283C00673F27 /* Sources */ = {
			isa = PBXSourcesBuildPhase;
			buildActionMask = 2147483647;
			files = (
				1B88148826C3283C00673F27 /* StoriesUITests.swift in Sources */,
			);
			runOnlyForDeploymentPostprocessing = 0;
		};
/* End PBXSourcesBuildPhase section */

/* Begin PBXTargetDependency section */
		1B88147A26C3283C00673F27 /* PBXTargetDependency */ = {
			isa = PBXTargetDependency;
			target = 1B88146626C3283B00673F27 /* Stories */;
			targetProxy = 1B88147926C3283C00673F27 /* PBXContainerItemProxy */;
		};
		1B88148526C3283C00673F27 /* PBXTargetDependency */ = {
			isa = PBXTargetDependency;
			target = 1B88146626C3283B00673F27 /* Stories */;
			targetProxy = 1B88148426C3283C00673F27 /* PBXContainerItemProxy */;
		};
/* End PBXTargetDependency section */

/* Begin XCBuildConfiguration section */
		1B88148A26C3283C00673F27 /* Debug */ = {
			isa = XCBuildConfiguration;
			buildSettings = {
				ALWAYS_SEARCH_USER_PATHS = NO;
				CLANG_ANALYZER_NONNULL = YES;
				CLANG_ANALYZER_NUMBER_OBJECT_CONVERSION = YES_AGGRESSIVE;
				CLANG_CXX_LANGUAGE_STANDARD = "gnu++14";
				CLANG_CXX_LIBRARY = "libc++";
				CLANG_ENABLE_MODULES = YES;
				CLANG_ENABLE_OBJC_ARC = YES;
				CLANG_ENABLE_OBJC_WEAK = YES;
				CLANG_WARN_BLOCK_CAPTURE_AUTORELEASING = YES;
				CLANG_WARN_BOOL_CONVERSION = YES;
				CLANG_WARN_COMMA = YES;
				CLANG_WARN_CONSTANT_CONVERSION = YES;
				CLANG_WARN_DEPRECATED_OBJC_IMPLEMENTATIONS = YES;
				CLANG_WARN_DIRECT_OBJC_ISA_USAGE = YES_ERROR;
				CLANG_WARN_DOCUMENTATION_COMMENTS = YES;
				CLANG_WARN_EMPTY_BODY = YES;
				CLANG_WARN_ENUM_CONVERSION = YES;
				CLANG_WARN_INFINITE_RECURSION = YES;
				CLANG_WARN_INT_CONVERSION = YES;
				CLANG_WARN_NON_LITERAL_NULL_CONVERSION = YES;
				CLANG_WARN_OBJC_IMPLICIT_RETAIN_SELF = YES;
				CLANG_WARN_OBJC_LITERAL_CONVERSION = YES;
				CLANG_WARN_OBJC_ROOT_CLASS = YES_ERROR;
				CLANG_WARN_QUOTED_INCLUDE_IN_FRAMEWORK_HEADER = YES;
				CLANG_WARN_RANGE_LOOP_ANALYSIS = YES;
				CLANG_WARN_STRICT_PROTOTYPES = YES;
				CLANG_WARN_SUSPICIOUS_MOVE = YES;
				CLANG_WARN_UNGUARDED_AVAILABILITY = YES_AGGRESSIVE;
				CLANG_WARN_UNREACHABLE_CODE = YES;
				CLANG_WARN__DUPLICATE_METHOD_MATCH = YES;
				COPY_PHASE_STRIP = NO;
				DEBUG_INFORMATION_FORMAT = dwarf;
				ENABLE_STRICT_OBJC_MSGSEND = YES;
				ENABLE_TESTABILITY = YES;
				GCC_C_LANGUAGE_STANDARD = gnu11;
				GCC_DYNAMIC_NO_PIC = NO;
				GCC_NO_COMMON_BLOCKS = YES;
				GCC_OPTIMIZATION_LEVEL = 0;
				GCC_PREPROCESSOR_DEFINITIONS = (
					"DEBUG=1",
					"$(inherited)",
				);
				GCC_WARN_64_TO_32_BIT_CONVERSION = YES;
				GCC_WARN_ABOUT_RETURN_TYPE = YES_ERROR;
				GCC_WARN_UNDECLARED_SELECTOR = YES;
				GCC_WARN_UNINITIALIZED_AUTOS = YES_AGGRESSIVE;
				GCC_WARN_UNUSED_FUNCTION = YES;
				GCC_WARN_UNUSED_VARIABLE = YES;
				IPHONEOS_DEPLOYMENT_TARGET = 14.5;
				MTL_ENABLE_DEBUG_INFO = INCLUDE_SOURCE;
				MTL_FAST_MATH = YES;
				ONLY_ACTIVE_ARCH = YES;
				SDKROOT = iphoneos;
				SWIFT_ACTIVE_COMPILATION_CONDITIONS = DEBUG;
				SWIFT_OPTIMIZATION_LEVEL = "-Onone";
			};
			name = Debug;
		};
		1B88148B26C3283C00673F27 /* Release */ = {
			isa = XCBuildConfiguration;
			buildSettings = {
				ALWAYS_SEARCH_USER_PATHS = NO;
				CLANG_ANALYZER_NONNULL = YES;
				CLANG_ANALYZER_NUMBER_OBJECT_CONVERSION = YES_AGGRESSIVE;
				CLANG_CXX_LANGUAGE_STANDARD = "gnu++14";
				CLANG_CXX_LIBRARY = "libc++";
				CLANG_ENABLE_MODULES = YES;
				CLANG_ENABLE_OBJC_ARC = YES;
				CLANG_ENABLE_OBJC_WEAK = YES;
				CLANG_WARN_BLOCK_CAPTURE_AUTORELEASING = YES;
				CLANG_WARN_BOOL_CONVERSION = YES;
				CLANG_WARN_COMMA = YES;
				CLANG_WARN_CONSTANT_CONVERSION = YES;
				CLANG_WARN_DEPRECATED_OBJC_IMPLEMENTATIONS = YES;
				CLANG_WARN_DIRECT_OBJC_ISA_USAGE = YES_ERROR;
				CLANG_WARN_DOCUMENTATION_COMMENTS = YES;
				CLANG_WARN_EMPTY_BODY = YES;
				CLANG_WARN_ENUM_CONVERSION = YES;
				CLANG_WARN_INFINITE_RECURSION = YES;
				CLANG_WARN_INT_CONVERSION = YES;
				CLANG_WARN_NON_LITERAL_NULL_CONVERSION = YES;
				CLANG_WARN_OBJC_IMPLICIT_RETAIN_SELF = YES;
				CLANG_WARN_OBJC_LITERAL_CONVERSION = YES;
				CLANG_WARN_OBJC_ROOT_CLASS = YES_ERROR;
				CLANG_WARN_QUOTED_INCLUDE_IN_FRAMEWORK_HEADER = YES;
				CLANG_WARN_RANGE_LOOP_ANALYSIS = YES;
				CLANG_WARN_STRICT_PROTOTYPES = YES;
				CLANG_WARN_SUSPICIOUS_MOVE = YES;
				CLANG_WARN_UNGUARDED_AVAILABILITY = YES_AGGRESSIVE;
				CLANG_WARN_UNREACHABLE_CODE = YES;
				CLANG_WARN__DUPLICATE_METHOD_MATCH = YES;
				COPY_PHASE_STRIP = NO;
				DEBUG_INFORMATION_FORMAT = "dwarf-with-dsym";
				ENABLE_NS_ASSERTIONS = NO;
				ENABLE_STRICT_OBJC_MSGSEND = YES;
				GCC_C_LANGUAGE_STANDARD = gnu11;
				GCC_NO_COMMON_BLOCKS = YES;
				GCC_WARN_64_TO_32_BIT_CONVERSION = YES;
				GCC_WARN_ABOUT_RETURN_TYPE = YES_ERROR;
				GCC_WARN_UNDECLARED_SELECTOR = YES;
				GCC_WARN_UNINITIALIZED_AUTOS = YES_AGGRESSIVE;
				GCC_WARN_UNUSED_FUNCTION = YES;
				GCC_WARN_UNUSED_VARIABLE = YES;
				IPHONEOS_DEPLOYMENT_TARGET = 14.5;
				MTL_ENABLE_DEBUG_INFO = NO;
				MTL_FAST_MATH = YES;
				SDKROOT = iphoneos;
				SWIFT_COMPILATION_MODE = wholemodule;
				SWIFT_OPTIMIZATION_LEVEL = "-O";
				VALIDATE_PRODUCT = YES;
			};
			name = Release;
		};
		1B88148D26C3283C00673F27 /* Debug */ = {
			isa = XCBuildConfiguration;
			buildSettings = {
				ASSETCATALOG_COMPILER_APPICON_NAME = AppIcon;
				ASSETCATALOG_COMPILER_GLOBAL_ACCENT_COLOR_NAME = AccentColor;
				CODE_SIGN_STYLE = Automatic;
				DEVELOPMENT_ASSET_PATHS = "\"Stories/Preview Content\"";
				ENABLE_PREVIEWS = YES;
				INFOPLIST_FILE = Stories/Info.plist;
				IPHONEOS_DEPLOYMENT_TARGET = 14.0;
				LD_RUNPATH_SEARCH_PATHS = (
					"$(inherited)",
					"@executable_path/Frameworks",
				);
				PRODUCT_BUNDLE_IDENTIFIER = albertkornas.Stories;
				PRODUCT_NAME = "$(TARGET_NAME)";
				SWIFT_VERSION = 5.0;
				TARGETED_DEVICE_FAMILY = "1,2";
			};
			name = Debug;
		};
		1B88148E26C3283C00673F27 /* Release */ = {
			isa = XCBuildConfiguration;
			buildSettings = {
				ASSETCATALOG_COMPILER_APPICON_NAME = AppIcon;
				ASSETCATALOG_COMPILER_GLOBAL_ACCENT_COLOR_NAME = AccentColor;
				CODE_SIGN_STYLE = Automatic;
				DEVELOPMENT_ASSET_PATHS = "\"Stories/Preview Content\"";
				ENABLE_PREVIEWS = YES;
				INFOPLIST_FILE = Stories/Info.plist;
				IPHONEOS_DEPLOYMENT_TARGET = 14.0;
				LD_RUNPATH_SEARCH_PATHS = (
					"$(inherited)",
					"@executable_path/Frameworks",
				);
				PRODUCT_BUNDLE_IDENTIFIER = albertkornas.Stories;
				PRODUCT_NAME = "$(TARGET_NAME)";
				SWIFT_VERSION = 5.0;
				TARGETED_DEVICE_FAMILY = "1,2";
			};
			name = Release;
		};
		1B88149026C3283C00673F27 /* Debug */ = {
			isa = XCBuildConfiguration;
			buildSettings = {
				ALWAYS_EMBED_SWIFT_STANDARD_LIBRARIES = YES;
				BUNDLE_LOADER = "$(TEST_HOST)";
				CODE_SIGN_STYLE = Automatic;
				INFOPLIST_FILE = StoriesTests/Info.plist;
				IPHONEOS_DEPLOYMENT_TARGET = 14.0;
				LD_RUNPATH_SEARCH_PATHS = (
					"$(inherited)",
					"@executable_path/Frameworks",
					"@loader_path/Frameworks",
				);
				PRODUCT_BUNDLE_IDENTIFIER = albertkornas.StoriesTests;
				PRODUCT_NAME = "$(TARGET_NAME)";
				SWIFT_VERSION = 5.0;
				TARGETED_DEVICE_FAMILY = "1,2";
				TEST_HOST = "$(BUILT_PRODUCTS_DIR)/Stories.app/Stories";
			};
			name = Debug;
		};
		1B88149126C3283C00673F27 /* Release */ = {
			isa = XCBuildConfiguration;
			buildSettings = {
				ALWAYS_EMBED_SWIFT_STANDARD_LIBRARIES = YES;
				BUNDLE_LOADER = "$(TEST_HOST)";
				CODE_SIGN_STYLE = Automatic;
				INFOPLIST_FILE = StoriesTests/Info.plist;
				IPHONEOS_DEPLOYMENT_TARGET = 14.0;
				LD_RUNPATH_SEARCH_PATHS = (
					"$(inherited)",
					"@executable_path/Frameworks",
					"@loader_path/Frameworks",
				);
				PRODUCT_BUNDLE_IDENTIFIER = albertkornas.StoriesTests;
				PRODUCT_NAME = "$(TARGET_NAME)";
				SWIFT_VERSION = 5.0;
				TARGETED_DEVICE_FAMILY = "1,2";
				TEST_HOST = "$(BUILT_PRODUCTS_DIR)/Stories.app/Stories";
			};
			name = Release;
		};
		1B88149326C3283C00673F27 /* Debug */ = {
			isa = XCBuildConfiguration;
			buildSettings = {
				ALWAYS_EMBED_SWIFT_STANDARD_LIBRARIES = YES;
				CODE_SIGN_STYLE = Automatic;
				INFOPLIST_FILE = StoriesUITests/Info.plist;
				LD_RUNPATH_SEARCH_PATHS = (
					"$(inherited)",
					"@executable_path/Frameworks",
					"@loader_path/Frameworks",
				);
				PRODUCT_BUNDLE_IDENTIFIER = albertkornas.StoriesUITests;
				PRODUCT_NAME = "$(TARGET_NAME)";
				SWIFT_VERSION = 5.0;
				TARGETED_DEVICE_FAMILY = "1,2";
				TEST_TARGET_NAME = Stories;
			};
			name = Debug;
		};
		1B88149426C3283C00673F27 /* Release */ = {
			isa = XCBuildConfiguration;
			buildSettings = {
				ALWAYS_EMBED_SWIFT_STANDARD_LIBRARIES = YES;
				CODE_SIGN_STYLE = Automatic;
				INFOPLIST_FILE = StoriesUITests/Info.plist;
				LD_RUNPATH_SEARCH_PATHS = (
					"$(inherited)",
					"@executable_path/Frameworks",
					"@loader_path/Frameworks",
				);
				PRODUCT_BUNDLE_IDENTIFIER = albertkornas.StoriesUITests;
				PRODUCT_NAME = "$(TARGET_NAME)";
				SWIFT_VERSION = 5.0;
				TARGETED_DEVICE_FAMILY = "1,2";
				TEST_TARGET_NAME = Stories;
			};
			name = Release;
		};
/* End XCBuildConfiguration section */

/* Begin XCConfigurationList section */
		1B88146226C3283B00673F27 /* Build configuration list for PBXProject "Stories" */ = {
			isa = XCConfigurationList;
			buildConfigurations = (
				1B88148A26C3283C00673F27 /* Debug */,
				1B88148B26C3283C00673F27 /* Release */,
			);
			defaultConfigurationIsVisible = 0;
			defaultConfigurationName = Release;
		};
		1B88148C26C3283C00673F27 /* Build configuration list for PBXNativeTarget "Stories" */ = {
			isa = XCConfigurationList;
			buildConfigurations = (
				1B88148D26C3283C00673F27 /* Debug */,
				1B88148E26C3283C00673F27 /* Release */,
			);
			defaultConfigurationIsVisible = 0;
			defaultConfigurationName = Release;
		};
		1B88148F26C3283C00673F27 /* Build configuration list for PBXNativeTarget "StoriesTests" */ = {
			isa = XCConfigurationList;
			buildConfigurations = (
				1B88149026C3283C00673F27 /* Debug */,
				1B88149126C3283C00673F27 /* Release */,
			);
			defaultConfigurationIsVisible = 0;
			defaultConfigurationName = Release;
		};
		1B88149226C3283C00673F27 /* Build configuration list for PBXNativeTarget "StoriesUITests" */ = {
			isa = XCConfigurationList;
			buildConfigurations = (
				1B88149326C3283C00673F27 /* Debug */,
				1B88149426C3283C00673F27 /* Release */,
			);
			defaultConfigurationIsVisible = 0;
			defaultConfigurationName = Release;
		};
/* End XCConfigurationList section */
	};
	rootObject = 1B88145F26C3283B00673F27 /* Project object */;
}
